
Microsoft Visual Studio Solution File, Format Version 12.00
# Visual Studio Version 17
VisualStudioVersion = 17.9.34622.214
MinimumVisualStudioVersion = 10.0.40219.1
Project("{FAE04EC0-301F-11D3-BF4B-00C04F79EFBC}") = "WebApplicationMiddleware", "WebApplicationMiddleware\WebApplicationMiddleware.csproj", "{C8757217-E1C6-415A-AA84-A36725F3A19C}"
EndProject
Global
	GlobalSection(SolutionConfigurationPlatforms) = preSolution
		Debug|Any CPU = Debug|Any CPU
		Release|Any CPU = Release|Any CPU
	EndGlobalSection
	GlobalSection(ProjectConfigurationPlatforms) = postSolution
		{C8757217-E1C6-415A-AA84-A36725F3A19C}.Debug|Any CPU.ActiveCfg = Debug|Any CPU
		{C8757217-E1C6-415A-AA84-A36725F3A19C}.Debug|Any CPU.Build.0 = Debug|Any CPU
		{C8757217-E1C6-415A-AA84-A36725F3A19C}.Release|Any CPU.ActiveCfg = Release|Any CPU
		{C8757217-E1C6-415A-AA84-A36725F3A19C}.Release|Any CPU.Build.0 = Release|Any CPU
	EndGlobalSection
	GlobalSection(SolutionProperties) = preSolution
		HideSolutionNode = FALSE
	EndGlobalSection
	GlobalSection(ExtensibilityGlobals) = postSolution
		SolutionGuid = {868EA2BE-327A-4E54-AC40-957C1F8504D3}
	EndGlobalSection
EndGlobal
